
Microsoft Visual Studio Solution File, Format Version 12.00
# Visual Studio Version 16
VisualStudioVersion = 16.0.30320.27
MinimumVisualStudioVersion = 10.0.40219.1
Project("{FAE04EC0-301F-11D3-BF4B-00C04F79EFBC}") = "Lab2_1", "Lab2_1\Lab2_1.csproj", "{8F0C930F-A4E2-492E-9787-642D82A2A86E}"
EndProject
Project("{FAE04EC0-301F-11D3-BF4B-00C04F79EFBC}") = "Lab2_2", "Lab2_2\Lab2_2.csproj", "{72223709-B223-40C4-BC2B-33CFC6C4AF96}"
EndProject
Project("{FAE04EC0-301F-11D3-BF4B-00C04F79EFBC}") = "Lab2_3", "Lab2_3\Lab2_3.csproj", "{25FA7853-3749-48E8-A7CD-E4820E283B3C}"
EndProject
Project("{FAE04EC0-301F-11D3-BF4B-00C04F79EFBC}") = "Lab2_4", "Lab2_4\Lab2_4.csproj", "{F2B45637-7CDB-4576-8583-F8685EFC112C}"
EndProject
Project("{FAE04EC0-301F-11D3-BF4B-00C04F79EFBC}") = "Lab2_5", "Lab2_5\Lab2_5.csproj", "{26E2C54D-8A58-4270-BC17-24A26DBC9B4B}"
EndProject
Project("{FAE04EC0-301F-11D3-BF4B-00C04F79EFBC}") = "Lab2_6", "Lab2_6\Lab2_6.csproj", "{7617A9D7-C307-443A-BEEC-10E00376A13E}"
EndProject
Project("{9A19103F-16F7-4668-BE54-9A1E7A4F7556}") = "Lab3_1", "Lab3_1\Lab3_1.csproj", "{1ADA9D00-62F3-475C-A446-349C6CD005BF}"
EndProject
Project("{9A19103F-16F7-4668-BE54-9A1E7A4F7556}") = "Lab3_2", "Lab3_2\Lab3_2.csproj", "{3B45268E-C5E6-4745-BC52-6F3A39410F73}"
EndProject
Project("{9A19103F-16F7-4668-BE54-9A1E7A4F7556}") = "Lab3_3", "Lab3_3\Lab3_3.csproj", "{9C09183F-0D35-4FAF-ACE3-BE66D80BB771}"
EndProject
Project("{9A19103F-16F7-4668-BE54-9A1E7A4F7556}") = "Lab3_4", "Lab3_4\Lab3_4.csproj", "{5F35CEB6-E80C-4099-A923-D8DE689A64FF}"
EndProject
Project("{9A19103F-16F7-4668-BE54-9A1E7A4F7556}") = "Lab3_5", "Lab3_5\Lab3_5.csproj", "{5CB99514-2C35-4127-B952-6C8C8FD188E1}"
EndProject
Project("{FAE04EC0-301F-11D3-BF4B-00C04F79EFBC}") = "Lab5_1", "Lab5_1\Lab5_1.csproj", "{F26B348F-3F48-43E0-AB5C-06C3C215B9DF}"
EndProject
Project("{FAE04EC0-301F-11D3-BF4B-00C04F79EFBC}") = "Lab5_2", "Lab5_2\Lab5_2.csproj", "{C5C1CBF0-1DBC-4EED-811A-7A028B5B2D01}"
EndProject
Project("{9A19103F-16F7-4668-BE54-9A1E7A4F7556}") = "Lab5_4", "Lab5_3\Lab5_4.csproj", "{908AF17D-CF42-42FD-916E-A2BDD4015CC6}"
EndProject
Project("{9A19103F-16F7-4668-BE54-9A1E7A4F7556}") = "Lab5_5", "Lab5_5\Lab5_5.csproj", "{21C71209-1BE0-4D9A-A9AA-3C2A7FF3931F}"
EndProject
Project("{9A19103F-16F7-4668-BE54-9A1E7A4F7556}") = "Lab5_6", "Lab5_6\Lab5_6.csproj", "{4C377601-6820-4736-8C8E-B74385BC8567}"
EndProject
Project("{9A19103F-16F7-4668-BE54-9A1E7A4F7556}") = "Lab5_7", "Lab5_7\Lab5_7.csproj", "{BF955EBD-E36D-4E03-B123-3837B1EFCCF4}"
EndProject
Project("{9A19103F-16F7-4668-BE54-9A1E7A4F7556}") = "Module1", "Module1\Module1.csproj", "{AB0B5695-1A48-46AA-92EC-6F4B065A5CE8}"
EndProject
Project("{9A19103F-16F7-4668-BE54-9A1E7A4F7556}") = "DZ", "DZ\DZ.csproj", "{1BCDD4DE-E244-4FAA-B64C-84EC74EDD677}"
EndProject
Project("{FAE04EC0-301F-11D3-BF4B-00C04F79EFBC}") = "Lab6_1", "Lab6_1\Lab6_1.csproj", "{07227068-EECE-4AFD-939A-E6E71C5CE037}"
EndProject
Project("{FAE04EC0-301F-11D3-BF4B-00C04F79EFBC}") = "Lab6_2", "Lab6_2\Lab6_2.csproj", "{540916DE-B8D9-4974-98D2-4D34D4C02E72}"
EndProject
Project("{FAE04EC0-301F-11D3-BF4B-00C04F79EFBC}") = "Lab6_3", "Lab6_3\Lab6_3.csproj", "{3F509B31-0839-478F-8E57-D3DCE8D0B16E}"
EndProject
Project("{FAE04EC0-301F-11D3-BF4B-00C04F79EFBC}") = "Lab6_4", "Lab6_4\Lab6_4.csproj", "{C2C44A0C-3B9C-46A4-BF81-EF5348320827}"
EndProject
Project("{FAE04EC0-301F-11D3-BF4B-00C04F79EFBC}") = "Lab6_5", "Lab6_5\Lab6_5.csproj", "{24F0D5B3-F1B0-492E-BA8F-8C2165DB31B8}"
EndProject
Project("{FAE04EC0-301F-11D3-BF4B-00C04F79EFBC}") = "Lab6_6", "Lab6_6\Lab6_6.csproj", "{3D64C4FC-3EE6-4DED-A1D0-BE4988C15CBC}"
EndProject
Global
	GlobalSection(SolutionConfigurationPlatforms) = preSolution
		Debug|Any CPU = Debug|Any CPU
		Debug|x64 = Debug|x64
		Debug|x86 = Debug|x86
		Release|Any CPU = Release|Any CPU
		Release|x64 = Release|x64
		Release|x86 = Release|x86
	EndGlobalSection
	GlobalSection(ProjectConfigurationPlatforms) = postSolution
		{8F0C930F-A4E2-492E-9787-642D82A2A86E}.Debug|Any CPU.ActiveCfg = Debug|Any CPU
		{8F0C930F-A4E2-492E-9787-642D82A2A86E}.Debug|Any CPU.Build.0 = Debug|Any CPU
		{8F0C930F-A4E2-492E-9787-642D82A2A86E}.Debug|x64.ActiveCfg = Debug|Any CPU
		{8F0C930F-A4E2-492E-9787-642D82A2A86E}.Debug|x64.Build.0 = Debug|Any CPU
		{8F0C930F-A4E2-492E-9787-642D82A2A86E}.Debug|x86.ActiveCfg = Debug|Any CPU
		{8F0C930F-A4E2-492E-9787-642D82A2A86E}.Debug|x86.Build.0 = Debug|Any CPU
		{8F0C930F-A4E2-492E-9787-642D82A2A86E}.Release|Any CPU.ActiveCfg = Release|Any CPU
		{8F0C930F-A4E2-492E-9787-642D82A2A86E}.Release|Any CPU.Build.0 = Release|Any CPU
		{8F0C930F-A4E2-492E-9787-642D82A2A86E}.Release|x64.ActiveCfg = Release|Any CPU
		{8F0C930F-A4E2-492E-9787-642D82A2A86E}.Release|x64.Build.0 = Release|Any CPU
		{8F0C930F-A4E2-492E-9787-642D82A2A86E}.Release|x86.ActiveCfg = Release|Any CPU
		{8F0C930F-A4E2-492E-9787-642D82A2A86E}.Release|x86.Build.0 = Release|Any CPU
		{72223709-B223-40C4-BC2B-33CFC6C4AF96}.Debug|Any CPU.ActiveCfg = Debug|Any CPU
		{72223709-B223-40C4-BC2B-33CFC6C4AF96}.Debug|Any CPU.Build.0 = Debug|Any CPU
		{72223709-B223-40C4-BC2B-33CFC6C4AF96}.Debug|x64.ActiveCfg = Debug|Any CPU
		{72223709-B223-40C4-BC2B-33CFC6C4AF96}.Debug|x64.Build.0 = Debug|Any CPU
		{72223709-B223-40C4-BC2B-33CFC6C4AF96}.Debug|x86.ActiveCfg = Debug|Any CPU
		{72223709-B223-40C4-BC2B-33CFC6C4AF96}.Debug|x86.Build.0 = Debug|Any CPU
		{72223709-B223-40C4-BC2B-33CFC6C4AF96}.Release|Any CPU.ActiveCfg = Release|Any CPU
		{72223709-B223-40C4-BC2B-33CFC6C4AF96}.Release|Any CPU.Build.0 = Release|Any CPU
		{72223709-B223-40C4-BC2B-33CFC6C4AF96}.Release|x64.ActiveCfg = Release|Any CPU
		{72223709-B223-40C4-BC2B-33CFC6C4AF96}.Release|x64.Build.0 = Release|Any CPU
		{72223709-B223-40C4-BC2B-33CFC6C4AF96}.Release|x86.ActiveCfg = Release|Any CPU
		{72223709-B223-40C4-BC2B-33CFC6C4AF96}.Release|x86.Build.0 = Release|Any CPU
		{25FA7853-3749-48E8-A7CD-E4820E283B3C}.Debug|Any CPU.ActiveCfg = Debug|Any CPU
		{25FA7853-3749-48E8-A7CD-E4820E283B3C}.Debug|Any CPU.Build.0 = Debug|Any CPU
		{25FA7853-3749-48E8-A7CD-E4820E283B3C}.Debug|x64.ActiveCfg = Debug|Any CPU
		{25FA7853-3749-48E8-A7CD-E4820E283B3C}.Debug|x64.Build.0 = Debug|Any CPU
		{25FA7853-3749-48E8-A7CD-E4820E283B3C}.Debug|x86.ActiveCfg = Debug|Any CPU
		{25FA7853-3749-48E8-A7CD-E4820E283B3C}.Debug|x86.Build.0 = Debug|Any CPU
		{25FA7853-3749-48E8-A7CD-E4820E283B3C}.Release|Any CPU.ActiveCfg = Release|Any CPU
		{25FA7853-3749-48E8-A7CD-E4820E283B3C}.Release|Any CPU.Build.0 = Release|Any CPU
		{25FA7853-3749-48E8-A7CD-E4820E283B3C}.Release|x64.ActiveCfg = Release|Any CPU
		{25FA7853-3749-48E8-A7CD-E4820E283B3C}.Release|x64.Build.0 = Release|Any CPU
		{25FA7853-3749-48E8-A7CD-E4820E283B3C}.Release|x86.ActiveCfg = Release|Any CPU
		{25FA7853-3749-48E8-A7CD-E4820E283B3C}.Release|x86.Build.0 = Release|Any CPU
		{F2B45637-7CDB-4576-8583-F8685EFC112C}.Debug|Any CPU.ActiveCfg = Debug|Any CPU
		{F2B45637-7CDB-4576-8583-F8685EFC112C}.Debug|Any CPU.Build.0 = Debug|Any CPU
		{F2B45637-7CDB-4576-8583-F8685EFC112C}.Debug|x64.ActiveCfg = Debug|Any CPU
		{F2B45637-7CDB-4576-8583-F8685EFC112C}.Debug|x64.Build.0 = Debug|Any CPU
		{F2B45637-7CDB-4576-8583-F8685EFC112C}.Debug|x86.ActiveCfg = Debug|Any CPU
		{F2B45637-7CDB-4576-8583-F8685EFC112C}.Debug|x86.Build.0 = Debug|Any CPU
		{F2B45637-7CDB-4576-8583-F8685EFC112C}.Release|Any CPU.ActiveCfg = Release|Any CPU
		{F2B45637-7CDB-4576-8583-F8685EFC112C}.Release|Any CPU.Build.0 = Release|Any CPU
		{F2B45637-7CDB-4576-8583-F8685EFC112C}.Release|x64.ActiveCfg = Release|Any CPU
		{F2B45637-7CDB-4576-8583-F8685EFC112C}.Release|x64.Build.0 = Release|Any CPU
		{F2B45637-7CDB-4576-8583-F8685EFC112C}.Release|x86.ActiveCfg = Release|Any CPU
		{F2B45637-7CDB-4576-8583-F8685EFC112C}.Release|x86.Build.0 = Release|Any CPU
		{26E2C54D-8A58-4270-BC17-24A26DBC9B4B}.Debug|Any CPU.ActiveCfg = Debug|Any CPU
		{26E2C54D-8A58-4270-BC17-24A26DBC9B4B}.Debug|Any CPU.Build.0 = Debug|Any CPU
		{26E2C54D-8A58-4270-BC17-24A26DBC9B4B}.Debug|x64.ActiveCfg = Debug|Any CPU
		{26E2C54D-8A58-4270-BC17-24A26DBC9B4B}.Debug|x64.Build.0 = Debug|Any CPU
		{26E2C54D-8A58-4270-BC17-24A26DBC9B4B}.Debug|x86.ActiveCfg = Debug|Any CPU
		{26E2C54D-8A58-4270-BC17-24A26DBC9B4B}.Debug|x86.Build.0 = Debug|Any CPU
		{26E2C54D-8A58-4270-BC17-24A26DBC9B4B}.Release|Any CPU.ActiveCfg = Release|Any CPU
		{26E2C54D-8A58-4270-BC17-24A26DBC9B4B}.Release|Any CPU.Build.0 = Release|Any CPU
		{26E2C54D-8A58-4270-BC17-24A26DBC9B4B}.Release|x64.ActiveCfg = Release|Any CPU
		{26E2C54D-8A58-4270-BC17-24A26DBC9B4B}.Release|x64.Build.0 = Release|Any CPU
		{26E2C54D-8A58-4270-BC17-24A26DBC9B4B}.Release|x86.ActiveCfg = Release|Any CPU
		{26E2C54D-8A58-4270-BC17-24A26DBC9B4B}.Release|x86.Build.0 = Release|Any CPU
		{7617A9D7-C307-443A-BEEC-10E00376A13E}.Debug|Any CPU.ActiveCfg = Debug|Any CPU
		{7617A9D7-C307-443A-BEEC-10E00376A13E}.Debug|Any CPU.Build.0 = Debug|Any CPU
		{7617A9D7-C307-443A-BEEC-10E00376A13E}.Debug|x64.ActiveCfg = Debug|Any CPU
		{7617A9D7-C307-443A-BEEC-10E00376A13E}.Debug|x64.Build.0 = Debug|Any CPU
		{7617A9D7-C307-443A-BEEC-10E00376A13E}.Debug|x86.ActiveCfg = Debug|Any CPU
		{7617A9D7-C307-443A-BEEC-10E00376A13E}.Debug|x86.Build.0 = Debug|Any CPU
		{7617A9D7-C307-443A-BEEC-10E00376A13E}.Release|Any CPU.ActiveCfg = Release|Any CPU
		{7617A9D7-C307-443A-BEEC-10E00376A13E}.Release|Any CPU.Build.0 = Release|Any CPU
		{7617A9D7-C307-443A-BEEC-10E00376A13E}.Release|x64.ActiveCfg = Release|Any CPU
		{7617A9D7-C307-443A-BEEC-10E00376A13E}.Release|x64.Build.0 = Release|Any CPU
		{7617A9D7-C307-443A-BEEC-10E00376A13E}.Release|x86.ActiveCfg = Release|Any CPU
		{7617A9D7-C307-443A-BEEC-10E00376A13E}.Release|x86.Build.0 = Release|Any CPU
		{1ADA9D00-62F3-475C-A446-349C6CD005BF}.Debug|Any CPU.ActiveCfg = Debug|Any CPU
		{1ADA9D00-62F3-475C-A446-349C6CD005BF}.Debug|Any CPU.Build.0 = Debug|Any CPU
		{1ADA9D00-62F3-475C-A446-349C6CD005BF}.Debug|x64.ActiveCfg = Debug|Any CPU
		{1ADA9D00-62F3-475C-A446-349C6CD005BF}.Debug|x64.Build.0 = Debug|Any CPU
		{1ADA9D00-62F3-475C-A446-349C6CD005BF}.Debug|x86.ActiveCfg = Debug|Any CPU
		{1ADA9D00-62F3-475C-A446-349C6CD005BF}.Debug|x86.Build.0 = Debug|Any CPU
		{1ADA9D00-62F3-475C-A446-349C6CD005BF}.Release|Any CPU.ActiveCfg = Release|Any CPU
		{1ADA9D00-62F3-475C-A446-349C6CD005BF}.Release|Any CPU.Build.0 = Release|Any CPU
		{1ADA9D00-62F3-475C-A446-349C6CD005BF}.Release|x64.ActiveCfg = Release|Any CPU
		{1ADA9D00-62F3-475C-A446-349C6CD005BF}.Release|x64.Build.0 = Release|Any CPU
		{1ADA9D00-62F3-475C-A446-349C6CD005BF}.Release|x86.ActiveCfg = Release|Any CPU
		{1ADA9D00-62F3-475C-A446-349C6CD005BF}.Release|x86.Build.0 = Release|Any CPU
		{3B45268E-C5E6-4745-BC52-6F3A39410F73}.Debug|Any CPU.ActiveCfg = Debug|Any CPU
		{3B45268E-C5E6-4745-BC52-6F3A39410F73}.Debug|Any CPU.Build.0 = Debug|Any CPU
		{3B45268E-C5E6-4745-BC52-6F3A39410F73}.Debug|x64.ActiveCfg = Debug|Any CPU
		{3B45268E-C5E6-4745-BC52-6F3A39410F73}.Debug|x64.Build.0 = Debug|Any CPU
		{3B45268E-C5E6-4745-BC52-6F3A39410F73}.Debug|x86.ActiveCfg = Debug|Any CPU
		{3B45268E-C5E6-4745-BC52-6F3A39410F73}.Debug|x86.Build.0 = Debug|Any CPU
		{3B45268E-C5E6-4745-BC52-6F3A39410F73}.Release|Any CPU.ActiveCfg = Release|Any CPU
		{3B45268E-C5E6-4745-BC52-6F3A39410F73}.Release|Any CPU.Build.0 = Release|Any CPU
		{3B45268E-C5E6-4745-BC52-6F3A39410F73}.Release|x64.ActiveCfg = Release|Any CPU
		{3B45268E-C5E6-4745-BC52-6F3A39410F73}.Release|x64.Build.0 = Release|Any CPU
		{3B45268E-C5E6-4745-BC52-6F3A39410F73}.Release|x86.ActiveCfg = Release|Any CPU
		{3B45268E-C5E6-4745-BC52-6F3A39410F73}.Release|x86.Build.0 = Release|Any CPU
		{9C09183F-0D35-4FAF-ACE3-BE66D80BB771}.Debug|Any CPU.ActiveCfg = Debug|Any CPU
		{9C09183F-0D35-4FAF-ACE3-BE66D80BB771}.Debug|Any CPU.Build.0 = Debug|Any CPU
		{9C09183F-0D35-4FAF-ACE3-BE66D80BB771}.Debug|x64.ActiveCfg = Debug|Any CPU
		{9C09183F-0D35-4FAF-ACE3-BE66D80BB771}.Debug|x64.Build.0 = Debug|Any CPU
		{9C09183F-0D35-4FAF-ACE3-BE66D80BB771}.Debug|x86.ActiveCfg = Debug|Any CPU
		{9C09183F-0D35-4FAF-ACE3-BE66D80BB771}.Debug|x86.Build.0 = Debug|Any CPU
		{9C09183F-0D35-4FAF-ACE3-BE66D80BB771}.Release|Any CPU.ActiveCfg = Release|Any CPU
		{9C09183F-0D35-4FAF-ACE3-BE66D80BB771}.Release|Any CPU.Build.0 = Release|Any CPU
		{9C09183F-0D35-4FAF-ACE3-BE66D80BB771}.Release|x64.ActiveCfg = Release|Any CPU
		{9C09183F-0D35-4FAF-ACE3-BE66D80BB771}.Release|x64.Build.0 = Release|Any CPU
		{9C09183F-0D35-4FAF-ACE3-BE66D80BB771}.Release|x86.ActiveCfg = Release|Any CPU
		{9C09183F-0D35-4FAF-ACE3-BE66D80BB771}.Release|x86.Build.0 = Release|Any CPU
		{5F35CEB6-E80C-4099-A923-D8DE689A64FF}.Debug|Any CPU.ActiveCfg = Debug|Any CPU
		{5F35CEB6-E80C-4099-A923-D8DE689A64FF}.Debug|Any CPU.Build.0 = Debug|Any CPU
		{5F35CEB6-E80C-4099-A923-D8DE689A64FF}.Debug|x64.ActiveCfg = Debug|Any CPU
		{5F35CEB6-E80C-4099-A923-D8DE689A64FF}.Debug|x64.Build.0 = Debug|Any CPU
		{5F35CEB6-E80C-4099-A923-D8DE689A64FF}.Debug|x86.ActiveCfg = Debug|Any CPU
		{5F35CEB6-E80C-4099-A923-D8DE689A64FF}.Debug|x86.Build.0 = Debug|Any CPU
		{5F35CEB6-E80C-4099-A923-D8DE689A64FF}.Release|Any CPU.ActiveCfg = Release|Any CPU
		{5F35CEB6-E80C-4099-A923-D8DE689A64FF}.Release|Any CPU.Build.0 = Release|Any CPU
		{5F35CEB6-E80C-4099-A923-D8DE689A64FF}.Release|x64.ActiveCfg = Release|Any CPU
		{5F35CEB6-E80C-4099-A923-D8DE689A64FF}.Release|x64.Build.0 = Release|Any CPU
		{5F35CEB6-E80C-4099-A923-D8DE689A64FF}.Release|x86.ActiveCfg = Release|Any CPU
		{5F35CEB6-E80C-4099-A923-D8DE689A64FF}.Release|x86.Build.0 = Release|Any CPU
		{5CB99514-2C35-4127-B952-6C8C8FD188E1}.Debug|Any CPU.ActiveCfg = Debug|Any CPU
		{5CB99514-2C35-4127-B952-6C8C8FD188E1}.Debug|Any CPU.Build.0 = Debug|Any CPU
		{5CB99514-2C35-4127-B952-6C8C8FD188E1}.Debug|x64.ActiveCfg = Debug|Any CPU
		{5CB99514-2C35-4127-B952-6C8C8FD188E1}.Debug|x64.Build.0 = Debug|Any CPU
		{5CB99514-2C35-4127-B952-6C8C8FD188E1}.Debug|x86.ActiveCfg = Debug|Any CPU
		{5CB99514-2C35-4127-B952-6C8C8FD188E1}.Debug|x86.Build.0 = Debug|Any CPU
		{5CB99514-2C35-4127-B952-6C8C8FD188E1}.Release|Any CPU.ActiveCfg = Release|Any CPU
		{5CB99514-2C35-4127-B952-6C8C8FD188E1}.Release|Any CPU.Build.0 = Release|Any CPU
		{5CB99514-2C35-4127-B952-6C8C8FD188E1}.Release|x64.ActiveCfg = Release|Any CPU
		{5CB99514-2C35-4127-B952-6C8C8FD188E1}.Release|x64.Build.0 = Release|Any CPU
		{5CB99514-2C35-4127-B952-6C8C8FD188E1}.Release|x86.ActiveCfg = Release|Any CPU
		{5CB99514-2C35-4127-B952-6C8C8FD188E1}.Release|x86.Build.0 = Release|Any CPU
		{F26B348F-3F48-43E0-AB5C-06C3C215B9DF}.Debug|Any CPU.ActiveCfg = Debug|Any CPU
		{F26B348F-3F48-43E0-AB5C-06C3C215B9DF}.Debug|Any CPU.Build.0 = Debug|Any CPU
		{F26B348F-3F48-43E0-AB5C-06C3C215B9DF}.Debug|x64.ActiveCfg = Debug|Any CPU
		{F26B348F-3F48-43E0-AB5C-06C3C215B9DF}.Debug|x64.Build.0 = Debug|Any CPU
		{F26B348F-3F48-43E0-AB5C-06C3C215B9DF}.Debug|x86.ActiveCfg = Debug|Any CPU
		{F26B348F-3F48-43E0-AB5C-06C3C215B9DF}.Debug|x86.Build.0 = Debug|Any CPU
		{F26B348F-3F48-43E0-AB5C-06C3C215B9DF}.Release|Any CPU.ActiveCfg = Release|Any CPU
		{F26B348F-3F48-43E0-AB5C-06C3C215B9DF}.Release|Any CPU.Build.0 = Release|Any CPU
		{F26B348F-3F48-43E0-AB5C-06C3C215B9DF}.Release|x64.ActiveCfg = Release|Any CPU
		{F26B348F-3F48-43E0-AB5C-06C3C215B9DF}.Release|x64.Build.0 = Release|Any CPU
		{F26B348F-3F48-43E0-AB5C-06C3C215B9DF}.Release|x86.ActiveCfg = Release|Any CPU
		{F26B348F-3F48-43E0-AB5C-06C3C215B9DF}.Release|x86.Build.0 = Release|Any CPU
		{C5C1CBF0-1DBC-4EED-811A-7A028B5B2D01}.Debug|Any CPU.ActiveCfg = Debug|Any CPU
		{C5C1CBF0-1DBC-4EED-811A-7A028B5B2D01}.Debug|Any CPU.Build.0 = Debug|Any CPU
		{C5C1CBF0-1DBC-4EED-811A-7A028B5B2D01}.Debug|x64.ActiveCfg = Debug|Any CPU
		{C5C1CBF0-1DBC-4EED-811A-7A028B5B2D01}.Debug|x64.Build.0 = Debug|Any CPU
		{C5C1CBF0-1DBC-4EED-811A-7A028B5B2D01}.Debug|x86.ActiveCfg = Debug|Any CPU
		{C5C1CBF0-1DBC-4EED-811A-7A028B5B2D01}.Debug|x86.Build.0 = Debug|Any CPU
		{C5C1CBF0-1DBC-4EED-811A-7A028B5B2D01}.Release|Any CPU.ActiveCfg = Release|Any CPU
		{C5C1CBF0-1DBC-4EED-811A-7A028B5B2D01}.Release|Any CPU.Build.0 = Release|Any CPU
		{C5C1CBF0-1DBC-4EED-811A-7A028B5B2D01}.Release|x64.ActiveCfg = Release|Any CPU
		{C5C1CBF0-1DBC-4EED-811A-7A028B5B2D01}.Release|x64.Build.0 = Release|Any CPU
		{C5C1CBF0-1DBC-4EED-811A-7A028B5B2D01}.Release|x86.ActiveCfg = Release|Any CPU
		{C5C1CBF0-1DBC-4EED-811A-7A028B5B2D01}.Release|x86.Build.0 = Release|Any CPU
		{908AF17D-CF42-42FD-916E-A2BDD4015CC6}.Debug|Any CPU.ActiveCfg = Debug|Any CPU
		{908AF17D-CF42-42FD-916E-A2BDD4015CC6}.Debug|Any CPU.Build.0 = Debug|Any CPU
		{908AF17D-CF42-42FD-916E-A2BDD4015CC6}.Debug|x64.ActiveCfg = Debug|Any CPU
		{908AF17D-CF42-42FD-916E-A2BDD4015CC6}.Debug|x64.Build.0 = Debug|Any CPU
		{908AF17D-CF42-42FD-916E-A2BDD4015CC6}.Debug|x86.ActiveCfg = Debug|Any CPU
		{908AF17D-CF42-42FD-916E-A2BDD4015CC6}.Debug|x86.Build.0 = Debug|Any CPU
		{908AF17D-CF42-42FD-916E-A2BDD4015CC6}.Release|Any CPU.ActiveCfg = Release|Any CPU
		{908AF17D-CF42-42FD-916E-A2BDD4015CC6}.Release|Any CPU.Build.0 = Release|Any CPU
		{908AF17D-CF42-42FD-916E-A2BDD4015CC6}.Release|x64.ActiveCfg = Release|Any CPU
		{908AF17D-CF42-42FD-916E-A2BDD4015CC6}.Release|x64.Build.0 = Release|Any CPU
		{908AF17D-CF42-42FD-916E-A2BDD4015CC6}.Release|x86.ActiveCfg = Release|Any CPU
		{908AF17D-CF42-42FD-916E-A2BDD4015CC6}.Release|x86.Build.0 = Release|Any CPU
		{21C71209-1BE0-4D9A-A9AA-3C2A7FF3931F}.Debug|Any CPU.ActiveCfg = Debug|Any CPU
		{21C71209-1BE0-4D9A-A9AA-3C2A7FF3931F}.Debug|Any CPU.Build.0 = Debug|Any CPU
		{21C71209-1BE0-4D9A-A9AA-3C2A7FF3931F}.Debug|x64.ActiveCfg = Debug|Any CPU
		{21C71209-1BE0-4D9A-A9AA-3C2A7FF3931F}.Debug|x64.Build.0 = Debug|Any CPU
		{21C71209-1BE0-4D9A-A9AA-3C2A7FF3931F}.Debug|x86.ActiveCfg = Debug|Any CPU
		{21C71209-1BE0-4D9A-A9AA-3C2A7FF3931F}.Debug|x86.Build.0 = Debug|Any CPU
		{21C71209-1BE0-4D9A-A9AA-3C2A7FF3931F}.Release|Any CPU.ActiveCfg = Release|Any CPU
		{21C71209-1BE0-4D9A-A9AA-3C2A7FF3931F}.Release|Any CPU.Build.0 = Release|Any CPU
		{21C71209-1BE0-4D9A-A9AA-3C2A7FF3931F}.Release|x64.ActiveCfg = Release|Any CPU
		{21C71209-1BE0-4D9A-A9AA-3C2A7FF3931F}.Release|x64.Build.0 = Release|Any CPU
		{21C71209-1BE0-4D9A-A9AA-3C2A7FF3931F}.Release|x86.ActiveCfg = Release|Any CPU
		{21C71209-1BE0-4D9A-A9AA-3C2A7FF3931F}.Release|x86.Build.0 = Release|Any CPU
		{4C377601-6820-4736-8C8E-B74385BC8567}.Debug|Any CPU.ActiveCfg = Debug|Any CPU
		{4C377601-6820-4736-8C8E-B74385BC8567}.Debug|Any CPU.Build.0 = Debug|Any CPU
		{4C377601-6820-4736-8C8E-B74385BC8567}.Debug|x64.ActiveCfg = Debug|Any CPU
		{4C377601-6820-4736-8C8E-B74385BC8567}.Debug|x64.Build.0 = Debug|Any CPU
		{4C377601-6820-4736-8C8E-B74385BC8567}.Debug|x86.ActiveCfg = Debug|Any CPU
		{4C377601-6820-4736-8C8E-B74385BC8567}.Debug|x86.Build.0 = Debug|Any CPU
		{4C377601-6820-4736-8C8E-B74385BC8567}.Release|Any CPU.ActiveCfg = Release|Any CPU
		{4C377601-6820-4736-8C8E-B74385BC8567}.Release|Any CPU.Build.0 = Release|Any CPU
		{4C377601-6820-4736-8C8E-B74385BC8567}.Release|x64.ActiveCfg = Release|Any CPU
		{4C377601-6820-4736-8C8E-B74385BC8567}.Release|x64.Build.0 = Release|Any CPU
		{4C377601-6820-4736-8C8E-B74385BC8567}.Release|x86.ActiveCfg = Release|Any CPU
		{4C377601-6820-4736-8C8E-B74385BC8567}.Release|x86.Build.0 = Release|Any CPU
		{BF955EBD-E36D-4E03-B123-3837B1EFCCF4}.Debug|Any CPU.ActiveCfg = Debug|Any CPU
		{BF955EBD-E36D-4E03-B123-3837B1EFCCF4}.Debug|Any CPU.Build.0 = Debug|Any CPU
		{BF955EBD-E36D-4E03-B123-3837B1EFCCF4}.Debug|x64.ActiveCfg = Debug|Any CPU
		{BF955EBD-E36D-4E03-B123-3837B1EFCCF4}.Debug|x64.Build.0 = Debug|Any CPU
		{BF955EBD-E36D-4E03-B123-3837B1EFCCF4}.Debug|x86.ActiveCfg = Debug|Any CPU
		{BF955EBD-E36D-4E03-B123-3837B1EFCCF4}.Debug|x86.Build.0 = Debug|Any CPU
		{BF955EBD-E36D-4E03-B123-3837B1EFCCF4}.Release|Any CPU.ActiveCfg = Release|Any CPU
		{BF955EBD-E36D-4E03-B123-3837B1EFCCF4}.Release|Any CPU.Build.0 = Release|Any CPU
		{BF955EBD-E36D-4E03-B123-3837B1EFCCF4}.Release|x64.ActiveCfg = Release|Any CPU
		{BF955EBD-E36D-4E03-B123-3837B1EFCCF4}.Release|x64.Build.0 = Release|Any CPU
		{BF955EBD-E36D-4E03-B123-3837B1EFCCF4}.Release|x86.ActiveCfg = Release|Any CPU
		{BF955EBD-E36D-4E03-B123-3837B1EFCCF4}.Release|x86.Build.0 = Release|Any CPU
		{AB0B5695-1A48-46AA-92EC-6F4B065A5CE8}.Debug|Any CPU.ActiveCfg = Debug|Any CPU
		{AB0B5695-1A48-46AA-92EC-6F4B065A5CE8}.Debug|Any CPU.Build.0 = Debug|Any CPU
		{AB0B5695-1A48-46AA-92EC-6F4B065A5CE8}.Debug|x64.ActiveCfg = Debug|Any CPU
		{AB0B5695-1A48-46AA-92EC-6F4B065A5CE8}.Debug|x64.Build.0 = Debug|Any CPU
		{AB0B5695-1A48-46AA-92EC-6F4B065A5CE8}.Debug|x86.ActiveCfg = Debug|Any CPU
		{AB0B5695-1A48-46AA-92EC-6F4B065A5CE8}.Debug|x86.Build.0 = Debug|Any CPU
		{AB0B5695-1A48-46AA-92EC-6F4B065A5CE8}.Release|Any CPU.ActiveCfg = Release|Any CPU
		{AB0B5695-1A48-46AA-92EC-6F4B065A5CE8}.Release|Any CPU.Build.0 = Release|Any CPU
		{AB0B5695-1A48-46AA-92EC-6F4B065A5CE8}.Release|x64.ActiveCfg = Release|Any CPU
		{AB0B5695-1A48-46AA-92EC-6F4B065A5CE8}.Release|x64.Build.0 = Release|Any CPU
		{AB0B5695-1A48-46AA-92EC-6F4B065A5CE8}.Release|x86.ActiveCfg = Release|Any CPU
		{AB0B5695-1A48-46AA-92EC-6F4B065A5CE8}.Release|x86.Build.0 = Release|Any CPU
		{1BCDD4DE-E244-4FAA-B64C-84EC74EDD677}.Debug|Any CPU.ActiveCfg = Debug|Any CPU
		{1BCDD4DE-E244-4FAA-B64C-84EC74EDD677}.Debug|Any CPU.Build.0 = Debug|Any CPU
		{1BCDD4DE-E244-4FAA-B64C-84EC74EDD677}.Debug|x64.ActiveCfg = Debug|Any CPU
		{1BCDD4DE-E244-4FAA-B64C-84EC74EDD677}.Debug|x64.Build.0 = Debug|Any CPU
		{1BCDD4DE-E244-4FAA-B64C-84EC74EDD677}.Debug|x86.ActiveCfg = Debug|Any CPU
		{1BCDD4DE-E244-4FAA-B64C-84EC74EDD677}.Debug|x86.Build.0 = Debug|Any CPU
		{1BCDD4DE-E244-4FAA-B64C-84EC74EDD677}.Release|Any CPU.ActiveCfg = Release|Any CPU
		{1BCDD4DE-E244-4FAA-B64C-84EC74EDD677}.Release|Any CPU.Build.0 = Release|Any CPU
		{1BCDD4DE-E244-4FAA-B64C-84EC74EDD677}.Release|x64.ActiveCfg = Release|Any CPU
		{1BCDD4DE-E244-4FAA-B64C-84EC74EDD677}.Release|x64.Build.0 = Release|Any CPU
		{1BCDD4DE-E244-4FAA-B64C-84EC74EDD677}.Release|x86.ActiveCfg = Release|Any CPU
		{1BCDD4DE-E244-4FAA-B64C-84EC74EDD677}.Release|x86.Build.0 = Release|Any CPU
		{07227068-EECE-4AFD-939A-E6E71C5CE037}.Debug|Any CPU.ActiveCfg = Debug|Any CPU
		{07227068-EECE-4AFD-939A-E6E71C5CE037}.Debug|Any CPU.Build.0 = Debug|Any CPU
		{07227068-EECE-4AFD-939A-E6E71C5CE037}.Debug|x64.ActiveCfg = Debug|Any CPU
		{07227068-EECE-4AFD-939A-E6E71C5CE037}.Debug|x64.Build.0 = Debug|Any CPU
		{07227068-EECE-4AFD-939A-E6E71C5CE037}.Debug|x86.ActiveCfg = Debug|Any CPU
		{07227068-EECE-4AFD-939A-E6E71C5CE037}.Debug|x86.Build.0 = Debug|Any CPU
		{07227068-EECE-4AFD-939A-E6E71C5CE037}.Release|Any CPU.ActiveCfg = Release|Any CPU
		{07227068-EECE-4AFD-939A-E6E71C5CE037}.Release|Any CPU.Build.0 = Release|Any CPU
		{07227068-EECE-4AFD-939A-E6E71C5CE037}.Release|x64.ActiveCfg = Release|Any CPU
		{07227068-EECE-4AFD-939A-E6E71C5CE037}.Release|x64.Build.0 = Release|Any CPU
		{07227068-EECE-4AFD-939A-E6E71C5CE037}.Release|x86.ActiveCfg = Release|Any CPU
		{07227068-EECE-4AFD-939A-E6E71C5CE037}.Release|x86.Build.0 = Release|Any CPU
		{540916DE-B8D9-4974-98D2-4D34D4C02E72}.Debug|Any CPU.ActiveCfg = Debug|Any CPU
		{540916DE-B8D9-4974-98D2-4D34D4C02E72}.Debug|Any CPU.Build.0 = Debug|Any CPU
		{540916DE-B8D9-4974-98D2-4D34D4C02E72}.Debug|x64.ActiveCfg = Debug|Any CPU
		{540916DE-B8D9-4974-98D2-4D34D4C02E72}.Debug|x64.Build.0 = Debug|Any CPU
		{540916DE-B8D9-4974-98D2-4D34D4C02E72}.Debug|x86.ActiveCfg = Debug|Any CPU
		{540916DE-B8D9-4974-98D2-4D34D4C02E72}.Debug|x86.Build.0 = Debug|Any CPU
		{540916DE-B8D9-4974-98D2-4D34D4C02E72}.Release|Any CPU.ActiveCfg = Release|Any CPU
		{540916DE-B8D9-4974-98D2-4D34D4C02E72}.Release|Any CPU.Build.0 = Release|Any CPU
		{540916DE-B8D9-4974-98D2-4D34D4C02E72}.Release|x64.ActiveCfg = Release|Any CPU
		{540916DE-B8D9-4974-98D2-4D34D4C02E72}.Release|x64.Build.0 = Release|Any CPU
		{540916DE-B8D9-4974-98D2-4D34D4C02E72}.Release|x86.ActiveCfg = Release|Any CPU
		{540916DE-B8D9-4974-98D2-4D34D4C02E72}.Release|x86.Build.0 = Release|Any CPU
		{3F509B31-0839-478F-8E57-D3DCE8D0B16E}.Debug|Any CPU.ActiveCfg = Debug|Any CPU
		{3F509B31-0839-478F-8E57-D3DCE8D0B16E}.Debug|Any CPU.Build.0 = Debug|Any CPU
		{3F509B31-0839-478F-8E57-D3DCE8D0B16E}.Debug|x64.ActiveCfg = Debug|Any CPU
		{3F509B31-0839-478F-8E57-D3DCE8D0B16E}.Debug|x64.Build.0 = Debug|Any CPU
		{3F509B31-0839-478F-8E57-D3DCE8D0B16E}.Debug|x86.ActiveCfg = Debug|Any CPU
		{3F509B31-0839-478F-8E57-D3DCE8D0B16E}.Debug|x86.Build.0 = Debug|Any CPU
		{3F509B31-0839-478F-8E57-D3DCE8D0B16E}.Release|Any CPU.ActiveCfg = Release|Any CPU
		{3F509B31-0839-478F-8E57-D3DCE8D0B16E}.Release|Any CPU.Build.0 = Release|Any CPU
		{3F509B31-0839-478F-8E57-D3DCE8D0B16E}.Release|x64.ActiveCfg = Release|Any CPU
		{3F509B31-0839-478F-8E57-D3DCE8D0B16E}.Release|x64.Build.0 = Release|Any CPU
		{3F509B31-0839-478F-8E57-D3DCE8D0B16E}.Release|x86.ActiveCfg = Release|Any CPU
		{3F509B31-0839-478F-8E57-D3DCE8D0B16E}.Release|x86.Build.0 = Release|Any CPU
		{C2C44A0C-3B9C-46A4-BF81-EF5348320827}.Debug|Any CPU.ActiveCfg = Debug|Any CPU
		{C2C44A0C-3B9C-46A4-BF81-EF5348320827}.Debug|Any CPU.Build.0 = Debug|Any CPU
		{C2C44A0C-3B9C-46A4-BF81-EF5348320827}.Debug|x64.ActiveCfg = Debug|Any CPU
		{C2C44A0C-3B9C-46A4-BF81-EF5348320827}.Debug|x64.Build.0 = Debug|Any CPU
		{C2C44A0C-3B9C-46A4-BF81-EF5348320827}.Debug|x86.ActiveCfg = Debug|Any CPU
		{C2C44A0C-3B9C-46A4-BF81-EF5348320827}.Debug|x86.Build.0 = Debug|Any CPU
		{C2C44A0C-3B9C-46A4-BF81-EF5348320827}.Release|Any CPU.ActiveCfg = Release|Any CPU
		{C2C44A0C-3B9C-46A4-BF81-EF5348320827}.Release|Any CPU.Build.0 = Release|Any CPU
		{C2C44A0C-3B9C-46A4-BF81-EF5348320827}.Release|x64.ActiveCfg = Release|Any CPU
		{C2C44A0C-3B9C-46A4-BF81-EF5348320827}.Release|x64.Build.0 = Release|Any CPU
		{C2C44A0C-3B9C-46A4-BF81-EF5348320827}.Release|x86.ActiveCfg = Release|Any CPU
		{C2C44A0C-3B9C-46A4-BF81-EF5348320827}.Release|x86.Build.0 = Release|Any CPU
		{24F0D5B3-F1B0-492E-BA8F-8C2165DB31B8}.Debug|Any CPU.ActiveCfg = Debug|Any CPU
		{24F0D5B3-F1B0-492E-BA8F-8C2165DB31B8}.Debug|Any CPU.Build.0 = Debug|Any CPU
		{24F0D5B3-F1B0-492E-BA8F-8C2165DB31B8}.Debug|x64.ActiveCfg = Debug|Any CPU
		{24F0D5B3-F1B0-492E-BA8F-8C2165DB31B8}.Debug|x64.Build.0 = Debug|Any CPU
		{24F0D5B3-F1B0-492E-BA8F-8C2165DB31B8}.Debug|x86.ActiveCfg = Debug|Any CPU
		{24F0D5B3-F1B0-492E-BA8F-8C2165DB31B8}.Debug|x86.Build.0 = Debug|Any CPU
		{24F0D5B3-F1B0-492E-BA8F-8C2165DB31B8}.Release|Any CPU.ActiveCfg = Release|Any CPU
		{24F0D5B3-F1B0-492E-BA8F-8C2165DB31B8}.Release|Any CPU.Build.0 = Release|Any CPU
		{24F0D5B3-F1B0-492E-BA8F-8C2165DB31B8}.Release|x64.ActiveCfg = Release|Any CPU
		{24F0D5B3-F1B0-492E-BA8F-8C2165DB31B8}.Release|x64.Build.0 = Release|Any CPU
		{24F0D5B3-F1B0-492E-BA8F-8C2165DB31B8}.Release|x86.ActiveCfg = Release|Any CPU
		{24F0D5B3-F1B0-492E-BA8F-8C2165DB31B8}.Release|x86.Build.0 = Release|Any CPU
		{3D64C4FC-3EE6-4DED-A1D0-BE4988C15CBC}.Debug|Any CPU.ActiveCfg = Debug|Any CPU
		{3D64C4FC-3EE6-4DED-A1D0-BE4988C15CBC}.Debug|Any CPU.Build.0 = Debug|Any CPU
		{3D64C4FC-3EE6-4DED-A1D0-BE4988C15CBC}.Debug|x64.ActiveCfg = Debug|Any CPU
		{3D64C4FC-3EE6-4DED-A1D0-BE4988C15CBC}.Debug|x64.Build.0 = Debug|Any CPU
		{3D64C4FC-3EE6-4DED-A1D0-BE4988C15CBC}.Debug|x86.ActiveCfg = Debug|Any CPU
		{3D64C4FC-3EE6-4DED-A1D0-BE4988C15CBC}.Debug|x86.Build.0 = Debug|Any CPU
		{3D64C4FC-3EE6-4DED-A1D0-BE4988C15CBC}.Release|Any CPU.ActiveCfg = Release|Any CPU
		{3D64C4FC-3EE6-4DED-A1D0-BE4988C15CBC}.Release|Any CPU.Build.0 = Release|Any CPU
		{3D64C4FC-3EE6-4DED-A1D0-BE4988C15CBC}.Release|x64.ActiveCfg = Release|Any CPU
		{3D64C4FC-3EE6-4DED-A1D0-BE4988C15CBC}.Release|x64.Build.0 = Release|Any CPU
		{3D64C4FC-3EE6-4DED-A1D0-BE4988C15CBC}.Release|x86.ActiveCfg = Release|Any CPU
		{3D64C4FC-3EE6-4DED-A1D0-BE4988C15CBC}.Release|x86.Build.0 = Release|Any CPU
	EndGlobalSection
	GlobalSection(SolutionProperties) = preSolution
		HideSolutionNode = FALSE
	EndGlobalSection
	GlobalSection(ExtensibilityGlobals) = postSolution
		SolutionGuid = {D2467852-BBA4-40F6-8B8A-0318F447DBDB}
	EndGlobalSection
EndGlobal
